{
  "name": "assets",
  "lockfileVersion": 2,
  "requires": true,
  "packages": {
    "": {
      "dependencies": {
        "@types/phoenix_live_view": "^0.18.4"
      },
      "devDependencies": {
        "phoenix_live_view": "file:../deps/phoenix_live_view",
        "typescript": "^5.3.3"
      }
    },
    "../deps/phoenix_live_view": {
      "version": "0.20.11",
      "dev": true,
      "license": "MIT",
      "devDependencies": {
        "@playwright/test": "^1.41.0"
      }
    },
    "node_modules/@types/phoenix": {
      "version": "1.6.4",
      "resolved": "https://registry.npmjs.org/@types/phoenix/-/phoenix-1.6.4.tgz",
      "integrity": "sha512-B34A7uot1Cv0XtaHRYDATltAdKx0BvVKNgYNqE4WjtPUa4VQJM7kxeXcVKaH+KS+kCmZ+6w+QaUdcljiheiBJA=="
    },
    "node_modules/@types/phoenix_live_view": {
      "version": "0.18.4",
      "resolved": "https://registry.npmjs.org/@types/phoenix_live_view/-/phoenix_live_view-0.18.4.tgz",
      "integrity": "sha512-9mq6zRZfCtY8f4Kiu9ca0YodlNoL5kPfz6AO8AMIylftoT59re5+l5BxPISt/NJXyj1S/gRJmwpHgyVsyEk8cg==",
      "dependencies": {
        "@types/phoenix": "*"
      }
    },
    "node_modules/phoenix_live_view": {
      "resolved": "../deps/phoenix_live_view",
      "link": true
    },
    "node_modules/typescript": {
      "version": "5.3.3",
      "resolved": "https://registry.npmjs.org/typescript/-/typescript-5.3.3.tgz",
      "integrity": "sha512-pXWcraxM0uxAS+tN0AG/BF2TyqmHO014Z070UsJ+pFvYuRSq8KH8DmWpnbXe0pEPDHXZV3FcAbJkijJ5oNEnWw==",
      "dev": true,
      "bin": {
        "tsc": "bin/tsc",
        "tsserver": "bin/tsserver"
      },
      "engines": {
        "node": ">=14.17"
      }
    }
  },
  "dependencies": {
    "@types/phoenix": {
      "version": "1.6.4",
      "resolved": "https://registry.npmjs.org/@types/phoenix/-/phoenix-1.6.4.tgz",
      "integrity": "sha512-B34A7uot1Cv0XtaHRYDATltAdKx0BvVKNgYNqE4WjtPUa4VQJM7kxeXcVKaH+KS+kCmZ+6w+QaUdcljiheiBJA=="
    },
    "@types/phoenix_live_view": {
      "version": "0.18.4",
      "resolved": "https://registry.npmjs.org/@types/phoenix_live_view/-/phoenix_live_view-0.18.4.tgz",
      "integrity": "sha512-9mq6zRZfCtY8f4Kiu9ca0YodlNoL5kPfz6AO8AMIylftoT59re5+l5BxPISt/NJXyj1S/gRJmwpHgyVsyEk8cg==",
      "requires": {
        "@types/phoenix": "*"
      }
    },
    "phoenix_live_view": {
      "version": "file:../deps/phoenix_live_view",
      "requires": {
        "@playwright/test": "^1.41.0"
      }
    },
    "typescript": {
      "version": "5.3.3",
      "resolved": "https://registry.npmjs.org/typescript/-/typescript-5.3.3.tgz",
      "integrity": "sha512-pXWcraxM0uxAS+tN0AG/BF2TyqmHO014Z070UsJ+pFvYuRSq8KH8DmWpnbXe0pEPDHXZV3FcAbJkijJ5oNEnWw==",
      "dev": true
    }
  }
}
